
Microsoft Visual Studio Solution File, Format Version 12.00
# Visual Studio 15
VisualStudioVersion = 15.0.28307.329
MinimumVisualStudioVersion = 10.0.40219.1
Project("{8BC9CEB8-8B4A-11D0-8D11-00A0C91BC942}") = "Driving_Fatigue_Prediction", "Driving_Fatigue_Prediction.vcxproj", "{1348DD79-6705-4BD5-9845-D592623DD48A}"
EndProject
Global
	GlobalSection(SolutionConfigurationPlatforms) = preSolution
		Debug|x64 = Debug|x64
		Debug|x86 = Debug|x86
		Release|x64 = Release|x64
		Release|x86 = Release|x86
	EndGlobalSection
	GlobalSection(ProjectConfigurationPlatforms) = postSolution
		{1348DD79-6705-4BD5-9845-D592623DD48A}.Debug|x64.ActiveCfg = Debug|x64
		{1348DD79-6705-4BD5-9845-D592623DD48A}.Debug|x64.Build.0 = Debug|x64
		{1348DD79-6705-4BD5-9845-D592623DD48A}.Debug|x86.ActiveCfg = Debug|Win32
		{1348DD79-6705-4BD5-9845-D592623DD48A}.Debug|x86.Build.0 = Debug|Win32
		{1348DD79-6705-4BD5-9845-D592623DD48A}.Release|x64.ActiveCfg = Release|x64
		{1348DD79-6705-4BD5-9845-D592623DD48A}.Release|x64.Build.0 = Release|x64
		{1348DD79-6705-4BD5-9845-D592623DD48A}.Release|x86.ActiveCfg = Release|Win32
		{1348DD79-6705-4BD5-9845-D592623DD48A}.Release|x86.Build.0 = Release|Win32
	EndGlobalSection
	GlobalSection(SolutionProperties) = preSolution
		HideSolutionNode = FALSE
	EndGlobalSection
	GlobalSection(ExtensibilityGlobals) = postSolution
		SolutionGuid = {D5B00F6F-3340-406B-A3E8-D0BFBCE754BC}
	EndGlobalSection
EndGlobal
